// !$*UTF8*$!
{
	archiveVersion = 1;
	classes = {
	};
	objectVersion = 56;
	objects = {

/* Begin PBXBuildFile section */
		AB78C10F2A1BB25700F6991B /* TimerView.swift in Sources */ = {isa = PBXBuildFile; fileRef = AB78C10E2A1BB25700F6991B /* TimerView.swift */; };
		AB78C1122A1BB3C700F6991B /* TimerMakeView.swift in Sources */ = {isa = PBXBuildFile; fileRef = AB78C1112A1BB3C700F6991B /* TimerMakeView.swift */; };
		AB78C11A2A1C788600F6991B /* TimerWorking.swift in Sources */ = {isa = PBXBuildFile; fileRef = AB78C1192A1C788600F6991B /* TimerWorking.swift */; };
		ABF77BFD2A0FEA300024B770 /* TCountApp.swift in Sources */ = {isa = PBXBuildFile; fileRef = ABF77BFC2A0FEA300024B770 /* TCountApp.swift */; };
		ABF77BFF2A0FEA300024B770 /* ContentView.swift in Sources */ = {isa = PBXBuildFile; fileRef = ABF77BFE2A0FEA300024B770 /* ContentView.swift */; };
		ABF77C012A0FEA300024B770 /* Assets.xcassets in Resources */ = {isa = PBXBuildFile; fileRef = ABF77C002A0FEA300024B770 /* Assets.xcassets */; };
		ABF77C042A0FEA300024B770 /* Preview Assets.xcassets in Resources */ = {isa = PBXBuildFile; fileRef = ABF77C032A0FEA300024B770 /* Preview Assets.xcassets */; };
		ABF77C0E2A0FEA310024B770 /* TCountTests.swift in Sources */ = {isa = PBXBuildFile; fileRef = ABF77C0D2A0FEA310024B770 /* TCountTests.swift */; };
		ABF77C182A0FEA310024B770 /* TCountUITests.swift in Sources */ = {isa = PBXBuildFile; fileRef = ABF77C172A0FEA310024B770 /* TCountUITests.swift */; };
		ABF77C1A2A0FEA310024B770 /* TCountUITestsLaunchTests.swift in Sources */ = {isa = PBXBuildFile; fileRef = ABF77C192A0FEA310024B770 /* TCountUITestsLaunchTests.swift */; };
/* End PBXBuildFile section */

/* Begin PBXContainerItemProxy section */
		ABF77C0A2A0FEA310024B770 /* PBXContainerItemProxy */ = {
			isa = PBXContainerItemProxy;
			containerPortal = ABF77BF12A0FEA300024B770 /* Project object */;
			proxyType = 1;
			remoteGlobalIDString = ABF77BF82A0FEA300024B770;
			remoteInfo = TCount;
		};
		ABF77C142A0FEA310024B770 /* PBXContainerItemProxy */ = {
			isa = PBXContainerItemProxy;
			containerPortal = ABF77BF12A0FEA300024B770 /* Project object */;
			proxyType = 1;
			remoteGlobalIDString = ABF77BF82A0FEA300024B770;
			remoteInfo = TCount;
		};
/* End PBXContainerItemProxy section */

/* Begin PBXFileReference section */
		AB78C10E2A1BB25700F6991B /* TimerView.swift */ = {isa = PBXFileReference; lastKnownFileType = sourcecode.swift; path = TimerView.swift; sourceTree = "<group>"; };
		AB78C1112A1BB3C700F6991B /* TimerMakeView.swift */ = {isa = PBXFileReference; lastKnownFileType = sourcecode.swift; path = TimerMakeView.swift; sourceTree = "<group>"; };
		AB78C1192A1C788600F6991B /* TimerWorking.swift */ = {isa = PBXFileReference; lastKnownFileType = sourcecode.swift; path = TimerWorking.swift; sourceTree = "<group>"; };
		ABF77BF92A0FEA300024B770 /* TCount.app */ = {isa = PBXFileReference; explicitFileType = wrapper.application; includeInIndex = 0; path = TCount.app; sourceTree = BUILT_PRODUCTS_DIR; };
		ABF77BFC2A0FEA300024B770 /* TCountApp.swift */ = {isa = PBXFileReference; lastKnownFileType = sourcecode.swift; path = TCountApp.swift; sourceTree = "<group>"; };
		ABF77BFE2A0FEA300024B770 /* ContentView.swift */ = {isa = PBXFileReference; lastKnownFileType = sourcecode.swift; path = ContentView.swift; sourceTree = "<group>"; };
		ABF77C002A0FEA300024B770 /* Assets.xcassets */ = {isa = PBXFileReference; lastKnownFileType = folder.assetcatalog; path = Assets.xcassets; sourceTree = "<group>"; };
		ABF77C032A0FEA300024B770 /* Preview Assets.xcassets */ = {isa = PBXFileReference; lastKnownFileType = folder.assetcatalog; path = "Preview Assets.xcassets"; sourceTree = "<group>"; };
		ABF77C092A0FEA310024B770 /* TCountTests.xctest */ = {isa = PBXFileReference; explicitFileType = wrapper.cfbundle; includeInIndex = 0; path = TCountTests.xctest; sourceTree = BUILT_PRODUCTS_DIR; };
		ABF77C0D2A0FEA310024B770 /* TCountTests.swift */ = {isa = PBXFileReference; lastKnownFileType = sourcecode.swift; path = TCountTests.swift; sourceTree = "<group>"; };
		ABF77C132A0FEA310024B770 /* TCountUITests.xctest */ = {isa = PBXFileReference; explicitFileType = wrapper.cfbundle; includeInIndex = 0; path = TCountUITests.xctest; sourceTree = BUILT_PRODUCTS_DIR; };
		ABF77C172A0FEA310024B770 /* TCountUITests.swift */ = {isa = PBXFileReference; lastKnownFileType = sourcecode.swift; path = TCountUITests.swift; sourceTree = "<group>"; };
		ABF77C192A0FEA310024B770 /* TCountUITestsLaunchTests.swift */ = {isa = PBXFileReference; lastKnownFileType = sourcecode.swift; path = TCountUITestsLaunchTests.swift; sourceTree = "<group>"; };
/* End PBXFileReference section */

/* Begin PBXFrameworksBuildPhase section */
		ABF77BF62A0FEA300024B770 /* Frameworks */ = {
			isa = PBXFrameworksBuildPhase;
			buildActionMask = 2147483647;
			files = (
			);
			runOnlyForDeploymentPostprocessing = 0;
		};
		ABF77C062A0FEA310024B770 /* Frameworks */ = {
			isa = PBXFrameworksBuildPhase;
			buildActionMask = 2147483647;
			files = (
			);
			runOnlyForDeploymentPostprocessing = 0;
		};
		ABF77C102A0FEA310024B770 /* Frameworks */ = {
			isa = PBXFrameworksBuildPhase;
			buildActionMask = 2147483647;
			files = (
			);
			runOnlyForDeploymentPostprocessing = 0;
		};
/* End PBXFrameworksBuildPhase section */

/* Begin PBXGroup section */
		AB78C1132A1C35F900F6991B /* Views */ = {
			isa = PBXGroup;
			children = (
				ABF77BFE2A0FEA300024B770 /* ContentView.swift */,
				AB78C1172A1C375B00F6991B /* SettingView */,
				AB78C1162A1C375000F6991B /* UserView */,
				AB78C1152A1C373B00F6991B /* TimerRecView */,
				AB78C1142A1C360C00F6991B /* TimerView */,
			);
			path = Views;
			sourceTree = "<group>";
		};
		AB78C1142A1C360C00F6991B /* TimerView */ = {
			isa = PBXGroup;
			children = (
				AB78C1112A1BB3C700F6991B /* TimerMakeView.swift */,
				AB78C10E2A1BB25700F6991B /* TimerView.swift */,
				AB78C1192A1C788600F6991B /* TimerWorking.swift */,
			);
			path = TimerView;
			sourceTree = "<group>";
		};
		AB78C1152A1C373B00F6991B /* TimerRecView */ = {
			isa = PBXGroup;
			children = (
			);
			path = TimerRecView;
			sourceTree = "<group>";
		};
		AB78C1162A1C375000F6991B /* UserView */ = {
			isa = PBXGroup;
			children = (
			);
			path = UserView;
			sourceTree = "<group>";
		};
		AB78C1172A1C375B00F6991B /* SettingView */ = {
			isa = PBXGroup;
			children = (
			);
			path = SettingView;
			sourceTree = "<group>";
		};
		AB78C1182A1C378200F6991B /* etc */ = {
			isa = PBXGroup;
			children = (
				ABF77C162A0FEA310024B770 /* TCountUITests */,
				ABF77C0C2A0FEA310024B770 /* TCountTests */,
			);
			path = etc;
			sourceTree = "<group>";
		};
		ABF77BF02A0FEA300024B770 = {
			isa = PBXGroup;
			children = (
				ABF77BFB2A0FEA300024B770 /* TCount */,
				ABF77BFA2A0FEA300024B770 /* Products */,
			);
			sourceTree = "<group>";
		};
		ABF77BFA2A0FEA300024B770 /* Products */ = {
			isa = PBXGroup;
			children = (
				ABF77BF92A0FEA300024B770 /* TCount.app */,
				ABF77C092A0FEA310024B770 /* TCountTests.xctest */,
				ABF77C132A0FEA310024B770 /* TCountUITests.xctest */,
			);
			name = Products;
			sourceTree = "<group>";
		};
		ABF77BFB2A0FEA300024B770 /* TCount */ = {
			isa = PBXGroup;
			children = (
				ABF77BFC2A0FEA300024B770 /* TCountApp.swift */,
				AB78C1132A1C35F900F6991B /* Views */,
				AB78C1182A1C378200F6991B /* etc */,
				ABF77C002A0FEA300024B770 /* Assets.xcassets */,
				ABF77C022A0FEA300024B770 /* Preview Content */,
			);
			path = TCount;
			sourceTree = "<group>";
		};
		ABF77C022A0FEA300024B770 /* Preview Content */ = {
			isa = PBXGroup;
			children = (
				ABF77C032A0FEA300024B770 /* Preview Assets.xcassets */,
			);
			path = "Preview Content";
			sourceTree = "<group>";
		};
		ABF77C0C2A0FEA310024B770 /* TCountTests */ = {
			isa = PBXGroup;
			children = (
				ABF77C0D2A0FEA310024B770 /* TCountTests.swift */,
			);
			path = TCountTests;
			sourceTree = "<group>";
		};
		ABF77C162A0FEA310024B770 /* TCountUITests */ = {
			isa = PBXGroup;
			children = (
				ABF77C172A0FEA310024B770 /* TCountUITests.swift */,
				ABF77C192A0FEA310024B770 /* TCountUITestsLaunchTests.swift */,
			);
			path = TCountUITests;
			sourceTree = "<group>";
		};
/* End PBXGroup section */

/* Begin PBXNativeTarget section */
		ABF77BF82A0FEA300024B770 /* TCount */ = {
			isa = PBXNativeTarget;
			buildConfigurationList = ABF77C1D2A0FEA310024B770 /* Build configuration list for PBXNativeTarget "TCount" */;
			buildPhases = (
				ABF77BF52A0FEA300024B770 /* Sources */,
				ABF77BF62A0FEA300024B770 /* Frameworks */,
				ABF77BF72A0FEA300024B770 /* Resources */,
			);
			buildRules = (
			);
			dependencies = (
			);
			name = TCount;
			productName = TCount;
			productReference = ABF77BF92A0FEA300024B770 /* TCount.app */;
			productType = "com.apple.product-type.application";
		};
		ABF77C082A0FEA310024B770 /* TCountTests */ = {
			isa = PBXNativeTarget;
			buildConfigurationList = ABF77C202A0FEA310024B770 /* Build configuration list for PBXNativeTarget "TCountTests" */;
			buildPhases = (
				ABF77C052A0FEA310024B770 /* Sources */,
				ABF77C062A0FEA310024B770 /* Frameworks */,
				ABF77C072A0FEA310024B770 /* Resources */,
			);
			buildRules = (
			);
			dependencies = (
				ABF77C0B2A0FEA310024B770 /* PBXTargetDependency */,
			);
			name = TCountTests;
			productName = TCountTests;
			productReference = ABF77C092A0FEA310024B770 /* TCountTests.xctest */;
			productType = "com.apple.product-type.bundle.unit-test";
		};
		ABF77C122A0FEA310024B770 /* TCountUITests */ = {
			isa = PBXNativeTarget;
			buildConfigurationList = ABF77C232A0FEA310024B770 /* Build configuration list for PBXNativeTarget "TCountUITests" */;
			buildPhases = (
				ABF77C0F2A0FEA310024B770 /* Sources */,
				ABF77C102A0FEA310024B770 /* Frameworks */,
				ABF77C112A0FEA310024B770 /* Resources */,
			);
			buildRules = (
			);
			dependencies = (
				ABF77C152A0FEA310024B770 /* PBXTargetDependency */,
			);
			name = TCountUITests;
			productName = TCountUITests;
			productReference = ABF77C132A0FEA310024B770 /* TCountUITests.xctest */;
			productType = "com.apple.product-type.bundle.ui-testing";
		};
/* End PBXNativeTarget section */

/* Begin PBXProject section */
		ABF77BF12A0FEA300024B770 /* Project object */ = {
			isa = PBXProject;
			attributes = {
				BuildIndependentTargetsInParallel = 1;
				LastSwiftUpdateCheck = 1430;
				LastUpgradeCheck = 1430;
				TargetAttributes = {
					ABF77BF82A0FEA300024B770 = {
						CreatedOnToolsVersion = 14.3;
					};
					ABF77C082A0FEA310024B770 = {
						CreatedOnToolsVersion = 14.3;
						TestTargetID = ABF77BF82A0FEA300024B770;
					};
					ABF77C122A0FEA310024B770 = {
						CreatedOnToolsVersion = 14.3;
						TestTargetID = ABF77BF82A0FEA300024B770;
					};
				};
			};
			buildConfigurationList = ABF77BF42A0FEA300024B770 /* Build configuration list for PBXProject "TCount" */;
			compatibilityVersion = "Xcode 14.0";
			developmentRegion = en;
			hasScannedForEncodings = 0;
			knownRegions = (
				en,
				Base,
			);
			mainGroup = ABF77BF02A0FEA300024B770;
			productRefGroup = ABF77BFA2A0FEA300024B770 /* Products */;
			projectDirPath = "";
			projectRoot = "";
			targets = (
				ABF77BF82A0FEA300024B770 /* TCount */,
				ABF77C082A0FEA310024B770 /* TCountTests */,
				ABF77C122A0FEA310024B770 /* TCountUITests */,
			);
		};
/* End PBXProject section */

/* Begin PBXResourcesBuildPhase section */
		ABF77BF72A0FEA300024B770 /* Resources */ = {
			isa = PBXResourcesBuildPhase;
			buildActionMask = 2147483647;
			files = (
				ABF77C042A0FEA300024B770 /* Preview Assets.xcassets in Resources */,
				ABF77C012A0FEA300024B770 /* Assets.xcassets in Resources */,
			);
			runOnlyForDeploymentPostprocessing = 0;
		};
		ABF77C072A0FEA310024B770 /* Resources */ = {
			isa = PBXResourcesBuildPhase;
			buildActionMask = 2147483647;
			files = (
			);
			runOnlyForDeploymentPostprocessing = 0;
		};
		ABF77C112A0FEA310024B770 /* Resources */ = {
			isa = PBXResourcesBuildPhase;
			buildActionMask = 2147483647;
			files = (
			);
			runOnlyForDeploymentPostprocessing = 0;
		};
/* End PBXResourcesBuildPhase section */

/* Begin PBXSourcesBuildPhase section */
		ABF77BF52A0FEA300024B770 /* Sources */ = {
			isa = PBXSourcesBuildPhase;
			buildActionMask = 2147483647;
			files = (
				AB78C1122A1BB3C700F6991B /* TimerMakeView.swift in Sources */,
				AB78C10F2A1BB25700F6991B /* TimerView.swift in Sources */,
				ABF77BFF2A0FEA300024B770 /* ContentView.swift in Sources */,
				ABF77BFD2A0FEA300024B770 /* TCountApp.swift in Sources */,
				AB78C11A2A1C788600F6991B /* TimerWorking.swift in Sources */,
			);
			runOnlyForDeploymentPostprocessing = 0;
		};
		ABF77C052A0FEA310024B770 /* Sources */ = {
			isa = PBXSourcesBuildPhase;
			buildActionMask = 2147483647;
			files = (
				ABF77C0E2A0FEA310024B770 /* TCountTests.swift in Sources */,
			);
			runOnlyForDeploymentPostprocessing = 0;
		};
		ABF77C0F2A0FEA310024B770 /* Sources */ = {
			isa = PBXSourcesBuildPhase;
			buildActionMask = 2147483647;
			files = (
				ABF77C182A0FEA310024B770 /* TCountUITests.swift in Sources */,
				ABF77C1A2A0FEA310024B770 /* TCountUITestsLaunchTests.swift in Sources */,
			);
			runOnlyForDeploymentPostprocessing = 0;
		};
/* End PBXSourcesBuildPhase section */

/* Begin PBXTargetDependency section */
		ABF77C0B2A0FEA310024B770 /* PBXTargetDependency */ = {
			isa = PBXTargetDependency;
			target = ABF77BF82A0FEA300024B770 /* TCount */;
			targetProxy = ABF77C0A2A0FEA310024B770 /* PBXContainerItemProxy */;
		};
		ABF77C152A0FEA310024B770 /* PBXTargetDependency */ = {
			isa = PBXTargetDependency;
			target = ABF77BF82A0FEA300024B770 /* TCount */;
			targetProxy = ABF77C142A0FEA310024B770 /* PBXContainerItemProxy */;
		};
/* End PBXTargetDependency section */

/* Begin XCBuildConfiguration section */
		ABF77C1B2A0FEA310024B770 /* Debug */ = {
			isa = XCBuildConfiguration;
			buildSettings = {
				ALWAYS_SEARCH_USER_PATHS = NO;
				CLANG_ANALYZER_NONNULL = YES;
				CLANG_ANALYZER_NUMBER_OBJECT_CONVERSION = YES_AGGRESSIVE;
				CLANG_CXX_LANGUAGE_STANDARD = "gnu++20";
				CLANG_ENABLE_MODULES = YES;
				CLANG_ENABLE_OBJC_ARC = YES;
				CLANG_ENABLE_OBJC_WEAK = YES;
				CLANG_WARN_BLOCK_CAPTURE_AUTORELEASING = YES;
				CLANG_WARN_BOOL_CONVERSION = YES;
				CLANG_WARN_COMMA = YES;
				CLANG_WARN_CONSTANT_CONVERSION = YES;
				CLANG_WARN_DEPRECATED_OBJC_IMPLEMENTATIONS = YES;
				CLANG_WARN_DIRECT_OBJC_ISA_USAGE = YES_ERROR;
				CLANG_WARN_DOCUMENTATION_COMMENTS = YES;
				CLANG_WARN_EMPTY_BODY = YES;
				CLANG_WARN_ENUM_CONVERSION = YES;
				CLANG_WARN_INFINITE_RECURSION = YES;
				CLANG_WARN_INT_CONVERSION = YES;
				CLANG_WARN_NON_LITERAL_NULL_CONVERSION = YES;
				CLANG_WARN_OBJC_IMPLICIT_RETAIN_SELF = YES;
				CLANG_WARN_OBJC_LITERAL_CONVERSION = YES;
				CLANG_WARN_OBJC_ROOT_CLASS = YES_ERROR;
				CLANG_WARN_QUOTED_INCLUDE_IN_FRAMEWORK_HEADER = YES;
				CLANG_WARN_RANGE_LOOP_ANALYSIS = YES;
				CLANG_WARN_STRICT_PROTOTYPES = YES;
				CLANG_WARN_SUSPICIOUS_MOVE = YES;
				CLANG_WARN_UNGUARDED_AVAILABILITY = YES_AGGRESSIVE;
				CLANG_WARN_UNREACHABLE_CODE = YES;
				CLANG_WARN__DUPLICATE_METHOD_MATCH = YES;
				COPY_PHASE_STRIP = NO;
				DEBUG_INFORMATION_FORMAT = dwarf;
				ENABLE_STRICT_OBJC_MSGSEND = YES;
				ENABLE_TESTABILITY = YES;
				GCC_C_LANGUAGE_STANDARD = gnu11;
				GCC_DYNAMIC_NO_PIC = NO;
				GCC_NO_COMMON_BLOCKS = YES;
				GCC_OPTIMIZATION_LEVEL = 0;
				GCC_PREPROCESSOR_DEFINITIONS = (
					"DEBUG=1",
					"$(inherited)",
				);
				GCC_WARN_64_TO_32_BIT_CONVERSION = YES;
				GCC_WARN_ABOUT_RETURN_TYPE = YES_ERROR;
				GCC_WARN_UNDECLARED_SELECTOR = YES;
				GCC_WARN_UNINITIALIZED_AUTOS = YES_AGGRESSIVE;
				GCC_WARN_UNUSED_FUNCTION = YES;
				GCC_WARN_UNUSED_VARIABLE = YES;
				IPHONEOS_DEPLOYMENT_TARGET = 16.4;
				MTL_ENABLE_DEBUG_INFO = INCLUDE_SOURCE;
				MTL_FAST_MATH = YES;
				ONLY_ACTIVE_ARCH = YES;
				SDKROOT = iphoneos;
				SWIFT_ACTIVE_COMPILATION_CONDITIONS = DEBUG;
				SWIFT_OPTIMIZATION_LEVEL = "-Onone";
			};
			name = Debug;
		};
		ABF77C1C2A0FEA310024B770 /* Release */ = {
			isa = XCBuildConfiguration;
			buildSettings = {
				ALWAYS_SEARCH_USER_PATHS = NO;
				CLANG_ANALYZER_NONNULL = YES;
				CLANG_ANALYZER_NUMBER_OBJECT_CONVERSION = YES_AGGRESSIVE;
				CLANG_CXX_LANGUAGE_STANDARD = "gnu++20";
				CLANG_ENABLE_MODULES = YES;
				CLANG_ENABLE_OBJC_ARC = YES;
				CLANG_ENABLE_OBJC_WEAK = YES;
				CLANG_WARN_BLOCK_CAPTURE_AUTORELEASING = YES;
				CLANG_WARN_BOOL_CONVERSION = YES;
				CLANG_WARN_COMMA = YES;
				CLANG_WARN_CONSTANT_CONVERSION = YES;
				CLANG_WARN_DEPRECATED_OBJC_IMPLEMENTATIONS = YES;
				CLANG_WARN_DIRECT_OBJC_ISA_USAGE = YES_ERROR;
				CLANG_WARN_DOCUMENTATION_COMMENTS = YES;
				CLANG_WARN_EMPTY_BODY = YES;
				CLANG_WARN_ENUM_CONVERSION = YES;
				CLANG_WARN_INFINITE_RECURSION = YES;
				CLANG_WARN_INT_CONVERSION = YES;
				CLANG_WARN_NON_LITERAL_NULL_CONVERSION = YES;
				CLANG_WARN_OBJC_IMPLICIT_RETAIN_SELF = YES;
				CLANG_WARN_OBJC_LITERAL_CONVERSION = YES;
				CLANG_WARN_OBJC_ROOT_CLASS = YES_ERROR;
				CLANG_WARN_QUOTED_INCLUDE_IN_FRAMEWORK_HEADER = YES;
				CLANG_WARN_RANGE_LOOP_ANALYSIS = YES;
				CLANG_WARN_STRICT_PROTOTYPES = YES;
				CLANG_WARN_SUSPICIOUS_MOVE = YES;
				CLANG_WARN_UNGUARDED_AVAILABILITY = YES_AGGRESSIVE;
				CLANG_WARN_UNREACHABLE_CODE = YES;
				CLANG_WARN__DUPLICATE_METHOD_MATCH = YES;
				COPY_PHASE_STRIP = NO;
				DEBUG_INFORMATION_FORMAT = "dwarf-with-dsym";
				ENABLE_NS_ASSERTIONS = NO;
				ENABLE_STRICT_OBJC_MSGSEND = YES;
				GCC_C_LANGUAGE_STANDARD = gnu11;
				GCC_NO_COMMON_BLOCKS = YES;
				GCC_WARN_64_TO_32_BIT_CONVERSION = YES;
				GCC_WARN_ABOUT_RETURN_TYPE = YES_ERROR;
				GCC_WARN_UNDECLARED_SELECTOR = YES;
				GCC_WARN_UNINITIALIZED_AUTOS = YES_AGGRESSIVE;
				GCC_WARN_UNUSED_FUNCTION = YES;
				GCC_WARN_UNUSED_VARIABLE = YES;
				IPHONEOS_DEPLOYMENT_TARGET = 16.4;
				MTL_ENABLE_DEBUG_INFO = NO;
				MTL_FAST_MATH = YES;
				SDKROOT = iphoneos;
				SWIFT_COMPILATION_MODE = wholemodule;
				SWIFT_OPTIMIZATION_LEVEL = "-O";
				VALIDATE_PRODUCT = YES;
			};
			name = Release;
		};
		ABF77C1E2A0FEA310024B770 /* Debug */ = {
			isa = XCBuildConfiguration;
			buildSettings = {
				ASSETCATALOG_COMPILER_APPICON_NAME = AppIcon;
				ASSETCATALOG_COMPILER_GLOBAL_ACCENT_COLOR_NAME = AccentColor;
				CODE_SIGN_STYLE = Automatic;
				CURRENT_PROJECT_VERSION = 1;
				DEVELOPMENT_ASSET_PATHS = "\"TCount/Preview Content\"";
				DEVELOPMENT_TEAM = C552WQXUWD;
				ENABLE_PREVIEWS = YES;
				GENERATE_INFOPLIST_FILE = YES;
				INFOPLIST_KEY_UIApplicationSceneManifest_Generation = YES;
				INFOPLIST_KEY_UIApplicationSupportsIndirectInputEvents = YES;
				INFOPLIST_KEY_UILaunchScreen_Generation = YES;
				INFOPLIST_KEY_UISupportedInterfaceOrientations_iPad = "UIInterfaceOrientationPortrait UIInterfaceOrientationPortraitUpsideDown UIInterfaceOrientationLandscapeLeft UIInterfaceOrientationLandscapeRight";
				INFOPLIST_KEY_UISupportedInterfaceOrientations_iPhone = "UIInterfaceOrientationPortrait UIInterfaceOrientationLandscapeLeft UIInterfaceOrientationLandscapeRight";
				LD_RUNPATH_SEARCH_PATHS = (
					"$(inherited)",
					"@executable_path/Frameworks",
				);
				MARKETING_VERSION = 1.0;
				PRODUCT_BUNDLE_IDENTIFIER = com.dgsw8th.4rNe5.TCount;
				PRODUCT_NAME = "$(TARGET_NAME)";
				SWIFT_EMIT_LOC_STRINGS = YES;
				SWIFT_VERSION = 5.0;
				TARGETED_DEVICE_FAMILY = "1,2";
			};
			name = Debug;
		};
		ABF77C1F2A0FEA310024B770 /* Release */ = {
			isa = XCBuildConfiguration;
			buildSettings = {
				ASSETCATALOG_COMPILER_APPICON_NAME = AppIcon;
				ASSETCATALOG_COMPILER_GLOBAL_ACCENT_COLOR_NAME = AccentColor;
				CODE_SIGN_STYLE = Automatic;
				CURRENT_PROJECT_VERSION = 1;
				DEVELOPMENT_ASSET_PATHS = "\"TCount/Preview Content\"";
				DEVELOPMENT_TEAM = C552WQXUWD;
				ENABLE_PREVIEWS = YES;
				GENERATE_INFOPLIST_FILE = YES;
				INFOPLIST_KEY_UIApplicationSceneManifest_Generation = YES;
				INFOPLIST_KEY_UIApplicationSupportsIndirectInputEvents = YES;
				INFOPLIST_KEY_UILaunchScreen_Generation = YES;
				INFOPLIST_KEY_UISupportedInterfaceOrientations_iPad = "UIInterfaceOrientationPortrait UIInterfaceOrientationPortraitUpsideDown UIInterfaceOrientationLandscapeLeft UIInterfaceOrientationLandscapeRight";
				INFOPLIST_KEY_UISupportedInterfaceOrientations_iPhone = "UIInterfaceOrientationPortrait UIInterfaceOrientationLandscapeLeft UIInterfaceOrientationLandscapeRight";
				LD_RUNPATH_SEARCH_PATHS = (
					"$(inherited)",
					"@executable_path/Frameworks",
				);
				MARKETING_VERSION = 1.0;
				PRODUCT_BUNDLE_IDENTIFIER = com.dgsw8th.4rNe5.TCount;
				PRODUCT_NAME = "$(TARGET_NAME)";
				SWIFT_EMIT_LOC_STRINGS = YES;
				SWIFT_VERSION = 5.0;
				TARGETED_DEVICE_FAMILY = "1,2";
			};
			name = Release;
		};
		ABF77C212A0FEA310024B770 /* Debug */ = {
			isa = XCBuildConfiguration;
			buildSettings = {
				ALWAYS_EMBED_SWIFT_STANDARD_LIBRARIES = YES;
				BUNDLE_LOADER = "$(TEST_HOST)";
				CODE_SIGN_STYLE = Automatic;
				CURRENT_PROJECT_VERSION = 1;
				DEVELOPMENT_TEAM = C552WQXUWD;
				GENERATE_INFOPLIST_FILE = YES;
				IPHONEOS_DEPLOYMENT_TARGET = 16.4;
				MARKETING_VERSION = 1.0;
				PRODUCT_BUNDLE_IDENTIFIER = com.dgsw8th.4rNe5.TCountTests;
				PRODUCT_NAME = "$(TARGET_NAME)";
				SWIFT_EMIT_LOC_STRINGS = NO;
				SWIFT_VERSION = 5.0;
				TARGETED_DEVICE_FAMILY = "1,2";
				TEST_HOST = "$(BUILT_PRODUCTS_DIR)/TCount.app/$(BUNDLE_EXECUTABLE_FOLDER_PATH)/TCount";
			};
			name = Debug;
		};
		ABF77C222A0FEA310024B770 /* Release */ = {
			isa = XCBuildConfiguration;
			buildSettings = {
				ALWAYS_EMBED_SWIFT_STANDARD_LIBRARIES = YES;
				BUNDLE_LOADER = "$(TEST_HOST)";
				CODE_SIGN_STYLE = Automatic;
				CURRENT_PROJECT_VERSION = 1;
				DEVELOPMENT_TEAM = C552WQXUWD;
				GENERATE_INFOPLIST_FILE = YES;
				IPHONEOS_DEPLOYMENT_TARGET = 16.4;
				MARKETING_VERSION = 1.0;
				PRODUCT_BUNDLE_IDENTIFIER = com.dgsw8th.4rNe5.TCountTests;
				PRODUCT_NAME = "$(TARGET_NAME)";
				SWIFT_EMIT_LOC_STRINGS = NO;
				SWIFT_VERSION = 5.0;
				TARGETED_DEVICE_FAMILY = "1,2";
				TEST_HOST = "$(BUILT_PRODUCTS_DIR)/TCount.app/$(BUNDLE_EXECUTABLE_FOLDER_PATH)/TCount";
			};
			name = Release;
		};
		ABF77C242A0FEA310024B770 /* Debug */ = {
			isa = XCBuildConfiguration;
			buildSettings = {
				ALWAYS_EMBED_SWIFT_STANDARD_LIBRARIES = YES;
				CODE_SIGN_STYLE = Automatic;
				CURRENT_PROJECT_VERSION = 1;
				DEVELOPMENT_TEAM = C552WQXUWD;
				GENERATE_INFOPLIST_FILE = YES;
				MARKETING_VERSION = 1.0;
				PRODUCT_BUNDLE_IDENTIFIER = com.dgsw8th.4rNe5.TCountUITests;
				PRODUCT_NAME = "$(TARGET_NAME)";
				SWIFT_EMIT_LOC_STRINGS = NO;
				SWIFT_VERSION = 5.0;
				TARGETED_DEVICE_FAMILY = "1,2";
				TEST_TARGET_NAME = TCount;
			};
			name = Debug;
		};
		ABF77C252A0FEA310024B770 /* Release */ = {
			isa = XCBuildConfiguration;
			buildSettings = {
				ALWAYS_EMBED_SWIFT_STANDARD_LIBRARIES = YES;
				CODE_SIGN_STYLE = Automatic;
				CURRENT_PROJECT_VERSION = 1;
				DEVELOPMENT_TEAM = C552WQXUWD;
				GENERATE_INFOPLIST_FILE = YES;
				MARKETING_VERSION = 1.0;
				PRODUCT_BUNDLE_IDENTIFIER = com.dgsw8th.4rNe5.TCountUITests;
				PRODUCT_NAME = "$(TARGET_NAME)";
				SWIFT_EMIT_LOC_STRINGS = NO;
				SWIFT_VERSION = 5.0;
				TARGETED_DEVICE_FAMILY = "1,2";
				TEST_TARGET_NAME = TCount;
			};
			name = Release;
		};
/* End XCBuildConfiguration section */

/* Begin XCConfigurationList section */
		ABF77BF42A0FEA300024B770 /* Build configuration list for PBXProject "TCount" */ = {
			isa = XCConfigurationList;
			buildConfigurations = (
				ABF77C1B2A0FEA310024B770 /* Debug */,
				ABF77C1C2A0FEA310024B770 /* Release */,
			);
			defaultConfigurationIsVisible = 0;
			defaultConfigurationName = Release;
		};
		ABF77C1D2A0FEA310024B770 /* Build configuration list for PBXNativeTarget "TCount" */ = {
			isa = XCConfigurationList;
			buildConfigurations = (
				ABF77C1E2A0FEA310024B770 /* Debug */,
				ABF77C1F2A0FEA310024B770 /* Release */,
			);
			defaultConfigurationIsVisible = 0;
			defaultConfigurationName = Release;
		};
		ABF77C202A0FEA310024B770 /* Build configuration list for PBXNativeTarget "TCountTests" */ = {
			isa = XCConfigurationList;
			buildConfigurations = (
				ABF77C212A0FEA310024B770 /* Debug */,
				ABF77C222A0FEA310024B770 /* Release */,
			);
			defaultConfigurationIsVisible = 0;
			defaultConfigurationName = Release;
		};
		ABF77C232A0FEA310024B770 /* Build configuration list for PBXNativeTarget "TCountUITests" */ = {
			isa = XCConfigurationList;
			buildConfigurations = (
				ABF77C242A0FEA310024B770 /* Debug */,
				ABF77C252A0FEA310024B770 /* Release */,
			);
			defaultConfigurationIsVisible = 0;
			defaultConfigurationName = Release;
		};
/* End XCConfigurationList section */
	};
	rootObject = ABF77BF12A0FEA300024B770 /* Project object */;
}
